
Microsoft Visual Studio Solution File, Format Version 12.00
# Visual Studio Version 17
VisualStudioVersion = 17.4.33213.308
MinimumVisualStudioVersion = 10.0.40219.1
Project("{8BC9CEB8-8B4A-11D0-8D11-00A0C91BC942}") = "Tienda_de_Zapatos", "Tienda_de_Zapatos\Tienda_de_Zapatos.vcxproj", "{560F6145-F235-4D9D-B074-501E5989D6C7}"
EndProject
Global
	GlobalSection(SolutionConfigurationPlatforms) = preSolution
		Debug|x64 = Debug|x64
		Debug|x86 = Debug|x86
		Release|x64 = Release|x64
		Release|x86 = Release|x86
	EndGlobalSection
	GlobalSection(ProjectConfigurationPlatforms) = postSolution
		{560F6145-F235-4D9D-B074-501E5989D6C7}.Debug|x64.ActiveCfg = Debug|x64
		{560F6145-F235-4D9D-B074-501E5989D6C7}.Debug|x64.Build.0 = Debug|x64
		{560F6145-F235-4D9D-B074-501E5989D6C7}.Debug|x86.ActiveCfg = Debug|Win32
		{560F6145-F235-4D9D-B074-501E5989D6C7}.Debug|x86.Build.0 = Debug|Win32
		{560F6145-F235-4D9D-B074-501E5989D6C7}.Release|x64.ActiveCfg = Release|x64
		{560F6145-F235-4D9D-B074-501E5989D6C7}.Release|x64.Build.0 = Release|x64
		{560F6145-F235-4D9D-B074-501E5989D6C7}.Release|x86.ActiveCfg = Release|Win32
		{560F6145-F235-4D9D-B074-501E5989D6C7}.Release|x86.Build.0 = Release|Win32
	EndGlobalSection
	GlobalSection(SolutionProperties) = preSolution
		HideSolutionNode = FALSE
	EndGlobalSection
	GlobalSection(ExtensibilityGlobals) = postSolution
		SolutionGuid = {72D3E99B-BBB2-40C7-A528-2A034D621D86}
	EndGlobalSection
EndGlobal
